<Solution>
  <Folder Name="/src/Moduller/Audit/">
    <Project Path="src/Moduller/Audit/Altyapi/TupBayiProje.Moduller.Audit.Altyapi.csproj" />
  </Folder>
  <Folder Name="/src/Moduller/Tenancy/">
    <Project Path="src/Moduller/Tenancy/Altyapi/TupBayiProje.Moduller.Tenancy.Altyapi.csproj" />
    <Project Path="src/Moduller/Tenancy/Domain/TupBayiProje.Moduller.Tenancy.Domain.csproj" />
  </Folder>
  <Folder Name="/src/Sunum/">
    <Project Path="src/Sunum/TupBayiProje.Api/TupBayiProje.Api.csproj" />
  </Folder>
  <Folder Name="/tests/Entegrasyon/">
    <Project Path="tests/Entegrasyon/TupBayiProje.EntegrasyonTests/TupBayiProje.EntegrasyonTests.csproj" />
  </Folder>
  <Folder Name="/tests/Mimari/">
    <Project Path="tests/Mimari/TupBayiProje.MimariTests/TupBayiProje.MimariTests.csproj" />
  </Folder>
</Solution>
